<?xml version="1.0" encoding="utf-8"?>
<Project ToolsVersion="4.0" xmlns="http://schemas.microsoft.com/developer/msbuild/2003">
  <ItemGroup>
    <ClCompile Include="Application.cpp" />
    <ClCompile Include="CameraComponent.cpp" />
    <ClCompile Include="Color.cpp" />
    <ClCompile Include="Component.cpp" />
    <ClCompile Include="FileDialog.cpp" />
    <ClCompile Include="Fonts.cpp" />
    <ClCompile Include="GameObject.cpp" />
    <ClCompile Include="GameTime.cpp" />
    <ClCompile Include="glmath.cpp" />
    <ClCompile Include="ImageComponent.cpp" />
    <ClCompile Include="ImGui\imgui.cpp" />
    <ClCompile Include="ImGui\ImGuizmo.cpp" />
    <ClCompile Include="ImGui\imgui_demo.cpp" />
    <ClCompile Include="ImGui\imgui_draw.cpp" />
    <ClCompile Include="ImGui\imgui_impl_opengl3.cpp" />
    <ClCompile Include="ImGui\imgui_impl_sdl.cpp" />
    <ClCompile Include="ImGui\imgui_widgets.cpp" />
    <ClCompile Include="Importer.cpp" />
    <ClCompile Include="MaterialImporter.cpp" />
    <ClCompile Include="ModelImporter.cpp" />
    <ClCompile Include="Light.cpp" />
    <ClCompile Include="log.cpp" />
    <ClCompile Include="Main.cpp" />
    <ClCompile Include="MaterialComponent.cpp" />
    <ClCompile Include="Mesh.cpp" />
    <ClCompile Include="MeshComponent.cpp" />
    <ClCompile Include="Model.cpp" />
    <ClCompile Include="ModuleCamera3D.cpp" />
    <ClCompile Include="ModuleEditor.cpp" />
    <ClCompile Include="FileSystem.cpp" />
    <ClCompile Include="ModuleInput.cpp" />
    <ClCompile Include="ModuleRenderer3D.cpp" />
    <ClCompile Include="ModuleResources.cpp" />
    <ClCompile Include="ModuleScene.cpp" />
    <ClCompile Include="ModuleUI.cpp" />
    <ClCompile Include="ModuleViewportFrameBuffer.cpp" />
    <ClCompile Include="ModuleWindow.cpp" />
    <ClCompile Include="Parson\parson.c" />
    <ClCompile Include="Primitives.cpp" />
    <ClCompile Include="Resource.cpp" />
    <ClCompile Include="ResourceMaterial.cpp" />
    <ClCompile Include="ResourceMesh.cpp" />
    <ClCompile Include="Timer.cpp" />
    <ClCompile Include="Transform2DComponent.cpp" />
    <ClCompile Include="TransformComponent.cpp" />
    <ClCompile Include="ButtonComponent.cpp" />
    <ClCompile Include="CheckBoxComponent.cpp" />
    <ClCompile Include="InputBoxComponent.cpp" />
    <ClCompile Include="SliderComponent.cpp" />
  </ItemGroup>
  <ItemGroup>
    <ClInclude Include="Application.h" />
    <ClInclude Include="CameraComponent.h" />
    <ClInclude Include="Color.h" />
    <ClInclude Include="Component.h" />
    <ClInclude Include="FileDialog.h" />
    <ClInclude Include="Fonts.h" />
    <ClInclude Include="GameObject.h" />
    <ClInclude Include="GameTime.h" />
    <ClInclude Include="glmath.h" />
    <ClInclude Include="Globals.h" />
    <ClInclude Include="ImageComponent.h" />
    <ClInclude Include="ImGui\imconfig.h" />
    <ClInclude Include="ImGui\imgui.h" />
    <ClInclude Include="ImGui\ImGuizmo.h" />
    <ClInclude Include="ImGui\imgui_impl_opengl3.h" />
    <ClInclude Include="ImGui\imgui_impl_sdl.h" />
    <ClInclude Include="ImGui\imgui_internal.h" />
    <ClInclude Include="ImGui\imstb_rectpack.h" />
    <ClInclude Include="ImGui\imstb_textedit.h" />
    <ClInclude Include="ImGui\imstb_truetype.h" />
    <ClInclude Include="Importer.h" />
    <ClInclude Include="MaterialImporter.h" />
    <ClInclude Include="ModelImporter.h" />
    <ClInclude Include="Light.h" />
    <ClInclude Include="MaterialComponent.h" />
    <ClInclude Include="Mesh.h" />
    <ClInclude Include="MeshComponent.h" />
    <ClInclude Include="Model.h" />
    <ClInclude Include="ModuleCamera3D.h" />
    <ClInclude Include="ModuleEditor.h" />
    <ClInclude Include="FileSystem.h" />
    <ClInclude Include="ModuleRenderer3D.h" />
    <ClInclude Include="Module.h" />
    <ClInclude Include="ModuleInput.h" />
    <ClInclude Include="ModuleResources.h" />
    <ClInclude Include="ModuleScene.h" />
    <ClInclude Include="ModuleUI.h" />
    <ClInclude Include="ModuleViewportFrameBuffer.h" />
    <ClInclude Include="ModuleWindow.h" />
    <ClInclude Include="Parson\parson.h" />
    <ClInclude Include="Primitives.h" />
    <ClInclude Include="Resource.h" />
    <ClInclude Include="ResourceMaterial.h" />
    <ClInclude Include="ResourceMesh.h" />
    <ClInclude Include="Timer.h" />
    <ClInclude Include="Transform2DComponent.h" />
    <ClInclude Include="TransformComponent.h" />
    <ClInclude Include="ButtonComponent.h" />
    <ClInclude Include="CheckBoxComponent.h" />
    <ClInclude Include="InputBoxComponent.h" />
    <ClInclude Include="SliderComponent.h" />
  </ItemGroup>
</Project>