<?xml version="1.0" encoding="utf-8"?>
<Project ToolsVersion="4.0" xmlns="http://schemas.microsoft.com/developer/msbuild/2003">
  <ItemGroup>
    <ClCompile Include="Main.cpp" />
    <ClCompile Include="ModuleCamera3D.cpp">
      <Filter>Engine\Modules</Filter>
    </ClCompile>
    <ClCompile Include="ModuleEditor.cpp">
      <Filter>Engine\Modules</Filter>
    </ClCompile>
    <ClCompile Include="ModuleInput.cpp">
      <Filter>Engine\Modules</Filter>
    </ClCompile>
    <ClCompile Include="ModuleWindow.cpp">
      <Filter>Engine\Modules</Filter>
    </ClCompile>
    <ClCompile Include="ModuleViewportFrameBuffer.cpp">
      <Filter>Engine\Modules</Filter>
    </ClCompile>
    <ClCompile Include="ModuleScene.cpp">
      <Filter>Engine\Modules</Filter>
    </ClCompile>
    <ClCompile Include="ModuleRenderer3D.cpp">
      <Filter>Engine\Modules</Filter>
    </ClCompile>
    <ClCompile Include="ImGui\imgui.cpp">
      <Filter>External\ImGui</Filter>
    </ClCompile>
    <ClCompile Include="ImGui\imgui_demo.cpp">
      <Filter>External\ImGui</Filter>
    </ClCompile>
    <ClCompile Include="ImGui\imgui_draw.cpp">
      <Filter>External\ImGui</Filter>
    </ClCompile>
    <ClCompile Include="ImGui\imgui_impl_opengl3.cpp">
      <Filter>External\ImGui</Filter>
    </ClCompile>
    <ClCompile Include="ImGui\ImGuizmo.cpp">
      <Filter>External\ImGui</Filter>
    </ClCompile>
    <ClCompile Include="ImGui\imgui_widgets.cpp">
      <Filter>External\ImGui</Filter>
    </ClCompile>
    <ClCompile Include="ImGui\imgui_impl_sdl.cpp">
      <Filter>External\ImGui</Filter>
    </ClCompile>
    <ClCompile Include="Application.cpp">
      <Filter>Engine</Filter>
    </ClCompile>
    <ClCompile Include="GameObject.cpp">
      <Filter>Engine\GameObjects</Filter>
    </ClCompile>
    <ClCompile Include="Timer.cpp">
      <Filter>Engine\Tools</Filter>
    </ClCompile>
    <ClCompile Include="FileSystem.cpp">
      <Filter>Engine\Tools</Filter>
    </ClCompile>
    <ClCompile Include="Importer.cpp">
      <Filter>Engine\Tools</Filter>
    </ClCompile>
    <ClCompile Include="MaterialImporter.cpp">
      <Filter>Engine\Tools</Filter>
    </ClCompile>
    <ClCompile Include="ModelImporter.cpp">
      <Filter>Engine\Tools</Filter>
    </ClCompile>
    <ClCompile Include="Model.cpp">
      <Filter>Engine\Tools</Filter>
    </ClCompile>
    <ClCompile Include="Mesh.cpp">
      <Filter>Engine\Tools</Filter>
    </ClCompile>
    <ClCompile Include="Primitives.cpp">
      <Filter>Engine\Tools</Filter>
    </ClCompile>
    <ClCompile Include="Parson\parson.c">
      <Filter>External</Filter>
    </ClCompile>
    <ClCompile Include="glmath.cpp">
      <Filter>External</Filter>
    </ClCompile>
    <ClCompile Include="log.cpp">
      <Filter>External</Filter>
    </ClCompile>
    <ClCompile Include="Light.cpp">
      <Filter>External</Filter>
    </ClCompile>
    <ClCompile Include="Color.cpp">
      <Filter>External</Filter>
    </ClCompile>
    <ClCompile Include="ModuleResources.cpp">
      <Filter>Engine\Modules</Filter>
    </ClCompile>
    <ClCompile Include="Resource.cpp">
      <Filter>Engine\Resources</Filter>
    </ClCompile>
    <ClCompile Include="ResourceMesh.cpp">
      <Filter>Engine\Resources</Filter>
    </ClCompile>
    <ClCompile Include="ResourceMaterial.cpp">
      <Filter>Engine\Resources</Filter>
    </ClCompile>
    <ClCompile Include="GameTime.cpp">
      <Filter>Engine\Tools</Filter>
    </ClCompile>
    <ClCompile Include="FileDialog.cpp">
      <Filter>Engine\Tools</Filter>
    </ClCompile>
    <ClCompile Include="ButtonComponent.cpp">
      <Filter>Engine\GameObjects\Components\UserInterface</Filter>
    </ClCompile>
    <ClCompile Include="SliderComponent.cpp">
      <Filter>Engine\GameObjects\Components\UserInterface</Filter>
    </ClCompile>
    <ClCompile Include="CheckBoxComponent.cpp">
      <Filter>Engine\GameObjects\Components\UserInterface</Filter>
    </ClCompile>
    <ClCompile Include="InputBoxComponent.cpp">
      <Filter>Engine\GameObjects\Components\UserInterface</Filter>
    </ClCompile>
    <ClCompile Include="ModuleUI.cpp">
      <Filter>Engine\Modules</Filter>
    </ClCompile>
    <ClCompile Include="CameraComponent.cpp">
      <Filter>Engine\GameObjects\Components</Filter>
    </ClCompile>
    <ClCompile Include="Component.cpp">
      <Filter>Engine\GameObjects\Components</Filter>
    </ClCompile>
    <ClCompile Include="MaterialComponent.cpp">
      <Filter>Engine\GameObjects\Components</Filter>
    </ClCompile>
    <ClCompile Include="MeshComponent.cpp">
      <Filter>Engine\GameObjects\Components</Filter>
    </ClCompile>
    <ClCompile Include="TransformComponent.cpp">
      <Filter>Engine\GameObjects\Components</Filter>
    </ClCompile>
    <ClCompile Include="Transform2DComponent.cpp">
      <Filter>Engine\GameObjects\Components</Filter>
    </ClCompile>
    <ClCompile Include="ImageComponent.cpp">
      <Filter>Engine\GameObjects\Components\UserInterface</Filter>
    </ClCompile>
  </ItemGroup>
  <ItemGroup>
    <ClInclude Include="Module.h">
      <Filter>Engine\Modules</Filter>
    </ClInclude>
    <ClInclude Include="ModuleCamera3D.h">
      <Filter>Engine\Modules</Filter>
    </ClInclude>
    <ClInclude Include="ModuleEditor.h">
      <Filter>Engine\Modules</Filter>
    </ClInclude>
    <ClInclude Include="ModuleWindow.h">
      <Filter>Engine\Modules</Filter>
    </ClInclude>
    <ClInclude Include="ModuleViewportFrameBuffer.h">
      <Filter>Engine\Modules</Filter>
    </ClInclude>
    <ClInclude Include="ModuleScene.h">
      <Filter>Engine\Modules</Filter>
    </ClInclude>
    <ClInclude Include="ModuleRenderer3D.h">
      <Filter>Engine\Modules</Filter>
    </ClInclude>
    <ClInclude Include="ModuleInput.h">
      <Filter>Engine\Modules</Filter>
    </ClInclude>
    <ClInclude Include="ImGui\imgui.h">
      <Filter>External\ImGui</Filter>
    </ClInclude>
    <ClInclude Include="ImGui\imgui_impl_opengl3.h">
      <Filter>External\ImGui</Filter>
    </ClInclude>
    <ClInclude Include="ImGui\ImGuizmo.h">
      <Filter>External\ImGui</Filter>
    </ClInclude>
    <ClInclude Include="ImGui\imgui_internal.h">
      <Filter>External\ImGui</Filter>
    </ClInclude>
    <ClInclude Include="ImGui\imgui_impl_sdl.h">
      <Filter>External\ImGui</Filter>
    </ClInclude>
    <ClInclude Include="Application.h">
      <Filter>Engine</Filter>
    </ClInclude>
    <ClInclude Include="GameObject.h">
      <Filter>Engine\GameObjects</Filter>
    </ClInclude>
    <ClInclude Include="ImGui\imconfig.h">
      <Filter>External\ImGui</Filter>
    </ClInclude>
    <ClInclude Include="Globals.h">
      <Filter>Engine\Tools</Filter>
    </ClInclude>
    <ClInclude Include="Timer.h">
      <Filter>Engine\Tools</Filter>
    </ClInclude>
    <ClInclude Include="FileSystem.h">
      <Filter>Engine\Tools</Filter>
    </ClInclude>
    <ClInclude Include="Importer.h">
      <Filter>Engine\Tools</Filter>
    </ClInclude>
    <ClInclude Include="MaterialImporter.h">
      <Filter>Engine\Tools</Filter>
    </ClInclude>
    <ClInclude Include="ModelImporter.h">
      <Filter>Engine\Tools</Filter>
    </ClInclude>
    <ClInclude Include="Model.h">
      <Filter>Engine\Tools</Filter>
    </ClInclude>
    <ClInclude Include="Mesh.h">
      <Filter>Engine\Tools</Filter>
    </ClInclude>
    <ClInclude Include="Primitives.h">
      <Filter>Engine\Tools</Filter>
    </ClInclude>
    <ClInclude Include="ImGui\imstb_rectpack.h">
      <Filter>External\ImGui</Filter>
    </ClInclude>
    <ClInclude Include="ImGui\imstb_truetype.h">
      <Filter>External\ImGui</Filter>
    </ClInclude>
    <ClInclude Include="ImGui\imstb_textedit.h">
      <Filter>External\ImGui</Filter>
    </ClInclude>
    <ClInclude Include="Parson\parson.h">
      <Filter>External</Filter>
    </ClInclude>
    <ClInclude Include="glmath.h">
      <Filter>External</Filter>
    </ClInclude>
    <ClInclude Include="Light.h">
      <Filter>External</Filter>
    </ClInclude>
    <ClInclude Include="Color.h">
      <Filter>External</Filter>
    </ClInclude>
    <ClInclude Include="ModuleResources.h">
      <Filter>Engine\Modules</Filter>
    </ClInclude>
    <ClInclude Include="Resource.h">
      <Filter>Engine\Resources</Filter>
    </ClInclude>
    <ClInclude Include="ResourceMesh.h">
      <Filter>Engine\Resources</Filter>
    </ClInclude>
    <ClInclude Include="ResourceMaterial.h">
      <Filter>Engine\Resources</Filter>
    </ClInclude>
    <ClInclude Include="GameTime.h">
      <Filter>Engine\Tools</Filter>
    </ClInclude>
    <ClInclude Include="FileDialog.h">
      <Filter>Engine\Tools</Filter>
    </ClInclude>
    <ClInclude Include="CheckBoxComponent.h">
      <Filter>Engine\GameObjects\Components\UserInterface</Filter>
    </ClInclude>
    <ClInclude Include="SliderComponent.h">
      <Filter>Engine\GameObjects\Components\UserInterface</Filter>
    </ClInclude>
    <ClInclude Include="InputBoxComponent.h">
      <Filter>Engine\GameObjects\Components\UserInterface</Filter>
    </ClInclude>
    <ClInclude Include="ButtonComponent.h">
      <Filter>Engine\GameObjects\Components\UserInterface</Filter>
    </ClInclude>
    <ClInclude Include="ModuleUI.h">
      <Filter>Engine\Modules</Filter>
    </ClInclude>
    <ClInclude Include="CameraComponent.h">
      <Filter>Engine\GameObjects\Components</Filter>
    </ClInclude>
    <ClInclude Include="Component.h">
      <Filter>Engine\GameObjects\Components</Filter>
    </ClInclude>
    <ClInclude Include="MaterialComponent.h">
      <Filter>Engine\GameObjects\Components</Filter>
    </ClInclude>
    <ClInclude Include="MeshComponent.h">
      <Filter>Engine\GameObjects\Components</Filter>
    </ClInclude>
    <ClInclude Include="TransformComponent.h">
      <Filter>Engine\GameObjects\Components</Filter>
    </ClInclude>
    <ClInclude Include="Transform2DComponent.h">
      <Filter>Engine\GameObjects\Components</Filter>
    </ClInclude>
    <ClInclude Include="ImageComponent.h">
      <Filter>Engine\GameObjects\Components\UserInterface</Filter>
    </ClInclude>
  </ItemGroup>
  <ItemGroup>
    <Filter Include="Engine">
      <UniqueIdentifier>{ae7e079a-3c20-464c-841e-3e298354c1ea}</UniqueIdentifier>
    </Filter>
    <Filter Include="Engine\Modules">
      <UniqueIdentifier>{1451552e-1838-4623-a799-28f211d86118}</UniqueIdentifier>
    </Filter>
    <Filter Include="Engine\Tools">
      <UniqueIdentifier>{f413a348-87e6-4d2f-a266-6b851f40c359}</UniqueIdentifier>
    </Filter>
    <Filter Include="External">
      <UniqueIdentifier>{6f1bf988-c208-48d3-a289-cb3d21704052}</UniqueIdentifier>
    </Filter>
    <Filter Include="External\ImGui">
      <UniqueIdentifier>{2370ed7d-ddcf-4315-a5d0-43460b5e788e}</UniqueIdentifier>
    </Filter>
    <Filter Include="Engine\GameObjects">
      <UniqueIdentifier>{bd1b0edb-d6fc-41f4-97e9-ca2ed78e8e61}</UniqueIdentifier>
    </Filter>
    <Filter Include="Engine\Resources">
      <UniqueIdentifier>{493b5924-9e6b-48cc-b5e5-eb6d3475265b}</UniqueIdentifier>
    </Filter>
    <Filter Include="Engine\GameObjects\Components">
      <UniqueIdentifier>{4ffae068-c81c-459d-9bb2-685fc3083186}</UniqueIdentifier>
    </Filter>
    <Filter Include="Engine\GameObjects\Components\UserInterface">
      <UniqueIdentifier>{d770091a-988a-4721-9fd6-17fdb38d4f09}</UniqueIdentifier>
    </Filter>
  </ItemGroup>
</Project>